// !$*UTF8*$!
{
	archiveVersion = 1;
	classes = {
	};
	objectVersion = 56;
	objects = {

/* Begin PBXBuildFile section */
		3FF89C6F28E53B3F00AD2B69 /* SwiftHTTPExampleApp.swift in Sources */ = {isa = PBXBuildFile; fileRef = 3FF89C6E28E53B3F00AD2B69 /* SwiftHTTPExampleApp.swift */; };
		3FF89C7128E53B3F00AD2B69 /* ContentView.swift in Sources */ = {isa = PBXBuildFile; fileRef = 3FF89C7028E53B3F00AD2B69 /* ContentView.swift */; };
		3FF89C7328E53B4000AD2B69 /* Assets.xcassets in Resources */ = {isa = PBXBuildFile; fileRef = 3FF89C7228E53B4000AD2B69 /* Assets.xcassets */; };
		3FF89C7628E53B4000AD2B69 /* Preview Assets.xcassets in Resources */ = {isa = PBXBuildFile; fileRef = 3FF89C7528E53B4000AD2B69 /* Preview Assets.xcassets */; };
		3FF89C8028E53B4000AD2B69 /* SwiftHTTPExampleTests.swift in Sources */ = {isa = PBXBuildFile; fileRef = 3FF89C7F28E53B4000AD2B69 /* SwiftHTTPExampleTests.swift */; };
		3FF89C8A28E53B4000AD2B69 /* SwiftHTTPExampleUITests.swift in Sources */ = {isa = PBXBuildFile; fileRef = 3FF89C8928E53B4000AD2B69 /* SwiftHTTPExampleUITests.swift */; };
		3FF89C8C28E53B4000AD2B69 /* SwiftHTTPExampleUITestsLaunchTests.swift in Sources */ = {isa = PBXBuildFile; fileRef = 3FF89C8B28E53B4000AD2B69 /* SwiftHTTPExampleUITestsLaunchTests.swift */; };
/* End PBXBuildFile section */

/* Begin PBXContainerItemProxy section */
		3FF89C7C28E53B4000AD2B69 /* PBXContainerItemProxy */ = {
			isa = PBXContainerItemProxy;
			containerPortal = 3FF89C6328E53B3F00AD2B69 /* Project object */;
			proxyType = 1;
			remoteGlobalIDString = 3FF89C6A28E53B3F00AD2B69;
			remoteInfo = SwiftHTTPExample;
		};
		3FF89C8628E53B4000AD2B69 /* PBXContainerItemProxy */ = {
			isa = PBXContainerItemProxy;
			containerPortal = 3FF89C6328E53B3F00AD2B69 /* Project object */;
			proxyType = 1;
			remoteGlobalIDString = 3FF89C6A28E53B3F00AD2B69;
			remoteInfo = SwiftHTTPExample;
		};
/* End PBXContainerItemProxy section */

/* Begin PBXFileReference section */
		3FF89C6B28E53B3F00AD2B69 /* SwiftHTTPExample.app */ = {isa = PBXFileReference; explicitFileType = wrapper.application; includeInIndex = 0; path = SwiftHTTPExample.app; sourceTree = BUILT_PRODUCTS_DIR; };
		3FF89C6E28E53B3F00AD2B69 /* SwiftHTTPExampleApp.swift */ = {isa = PBXFileReference; lastKnownFileType = sourcecode.swift; path = SwiftHTTPExampleApp.swift; sourceTree = "<group>"; };
		3FF89C7028E53B3F00AD2B69 /* ContentView.swift */ = {isa = PBXFileReference; lastKnownFileType = sourcecode.swift; path = ContentView.swift; sourceTree = "<group>"; };
		3FF89C7228E53B4000AD2B69 /* Assets.xcassets */ = {isa = PBXFileReference; lastKnownFileType = folder.assetcatalog; path = Assets.xcassets; sourceTree = "<group>"; };
		3FF89C7528E53B4000AD2B69 /* Preview Assets.xcassets */ = {isa = PBXFileReference; lastKnownFileType = folder.assetcatalog; path = "Preview Assets.xcassets"; sourceTree = "<group>"; };
		3FF89C7B28E53B4000AD2B69 /* SwiftHTTPExampleTests.xctest */ = {isa = PBXFileReference; explicitFileType = wrapper.cfbundle; includeInIndex = 0; path = SwiftHTTPExampleTests.xctest; sourceTree = BUILT_PRODUCTS_DIR; };
		3FF89C7F28E53B4000AD2B69 /* SwiftHTTPExampleTests.swift */ = {isa = PBXFileReference; lastKnownFileType = sourcecode.swift; path = SwiftHTTPExampleTests.swift; sourceTree = "<group>"; };
		3FF89C8528E53B4000AD2B69 /* SwiftHTTPExampleUITests.xctest */ = {isa = PBXFileReference; explicitFileType = wrapper.cfbundle; includeInIndex = 0; path = SwiftHTTPExampleUITests.xctest; sourceTree = BUILT_PRODUCTS_DIR; };
		3FF89C8928E53B4000AD2B69 /* SwiftHTTPExampleUITests.swift */ = {isa = PBXFileReference; lastKnownFileType = sourcecode.swift; path = SwiftHTTPExampleUITests.swift; sourceTree = "<group>"; };
		3FF89C8B28E53B4000AD2B69 /* SwiftHTTPExampleUITestsLaunchTests.swift */ = {isa = PBXFileReference; lastKnownFileType = sourcecode.swift; path = SwiftHTTPExampleUITestsLaunchTests.swift; sourceTree = "<group>"; };
/* End PBXFileReference section */

/* Begin PBXFrameworksBuildPhase section */
		3FF89C6828E53B3F00AD2B69 /* Frameworks */ = {
			isa = PBXFrameworksBuildPhase;
			buildActionMask = 2147483647;
			files = (
			);
			runOnlyForDeploymentPostprocessing = 0;
		};
		3FF89C7828E53B4000AD2B69 /* Frameworks */ = {
			isa = PBXFrameworksBuildPhase;
			buildActionMask = 2147483647;
			files = (
			);
			runOnlyForDeploymentPostprocessing = 0;
		};
		3FF89C8228E53B4000AD2B69 /* Frameworks */ = {
			isa = PBXFrameworksBuildPhase;
			buildActionMask = 2147483647;
			files = (
			);
			runOnlyForDeploymentPostprocessing = 0;
		};
/* End PBXFrameworksBuildPhase section */

/* Begin PBXGroup section */
		3FF89C6228E53B3F00AD2B69 = {
			isa = PBXGroup;
			children = (
				3FF89C6D28E53B3F00AD2B69 /* SwiftHTTPExample */,
				3FF89C7E28E53B4000AD2B69 /* SwiftHTTPExampleTests */,
				3FF89C8828E53B4000AD2B69 /* SwiftHTTPExampleUITests */,
				3FF89C6C28E53B3F00AD2B69 /* Products */,
			);
			sourceTree = "<group>";
		};
		3FF89C6C28E53B3F00AD2B69 /* Products */ = {
			isa = PBXGroup;
			children = (
				3FF89C6B28E53B3F00AD2B69 /* SwiftHTTPExample.app */,
				3FF89C7B28E53B4000AD2B69 /* SwiftHTTPExampleTests.xctest */,
				3FF89C8528E53B4000AD2B69 /* SwiftHTTPExampleUITests.xctest */,
			);
			name = Products;
			sourceTree = "<group>";
		};
		3FF89C6D28E53B3F00AD2B69 /* SwiftHTTPExample */ = {
			isa = PBXGroup;
			children = (
				3FF89C6E28E53B3F00AD2B69 /* SwiftHTTPExampleApp.swift */,
				3FF89C7028E53B3F00AD2B69 /* ContentView.swift */,
				3FF89C7228E53B4000AD2B69 /* Assets.xcassets */,
				3FF89C7428E53B4000AD2B69 /* Preview Content */,
			);
			path = SwiftHTTPExample;
			sourceTree = "<group>";
		};
		3FF89C7428E53B4000AD2B69 /* Preview Content */ = {
			isa = PBXGroup;
			children = (
				3FF89C7528E53B4000AD2B69 /* Preview Assets.xcassets */,
			);
			path = "Preview Content";
			sourceTree = "<group>";
		};
		3FF89C7E28E53B4000AD2B69 /* SwiftHTTPExampleTests */ = {
			isa = PBXGroup;
			children = (
				3FF89C7F28E53B4000AD2B69 /* SwiftHTTPExampleTests.swift */,
			);
			path = SwiftHTTPExampleTests;
			sourceTree = "<group>";
		};
		3FF89C8828E53B4000AD2B69 /* SwiftHTTPExampleUITests */ = {
			isa = PBXGroup;
			children = (
				3FF89C8928E53B4000AD2B69 /* SwiftHTTPExampleUITests.swift */,
				3FF89C8B28E53B4000AD2B69 /* SwiftHTTPExampleUITestsLaunchTests.swift */,
			);
			path = SwiftHTTPExampleUITests;
			sourceTree = "<group>";
		};
/* End PBXGroup section */

/* Begin PBXNativeTarget section */
		3FF89C6A28E53B3F00AD2B69 /* SwiftHTTPExample */ = {
			isa = PBXNativeTarget;
			buildConfigurationList = 3FF89C8F28E53B4000AD2B69 /* Build configuration list for PBXNativeTarget "SwiftHTTPExample" */;
			buildPhases = (
				3FF89C6728E53B3F00AD2B69 /* Sources */,
				3FF89C6828E53B3F00AD2B69 /* Frameworks */,
				3FF89C6928E53B3F00AD2B69 /* Resources */,
			);
			buildRules = (
			);
			dependencies = (
			);
			name = SwiftHTTPExample;
			productName = SwiftHTTPExample;
			productReference = 3FF89C6B28E53B3F00AD2B69 /* SwiftHTTPExample.app */;
			productType = "com.apple.product-type.application";
		};
		3FF89C7A28E53B4000AD2B69 /* SwiftHTTPExampleTests */ = {
			isa = PBXNativeTarget;
			buildConfigurationList = 3FF89C9228E53B4000AD2B69 /* Build configuration list for PBXNativeTarget "SwiftHTTPExampleTests" */;
			buildPhases = (
				3FF89C7728E53B4000AD2B69 /* Sources */,
				3FF89C7828E53B4000AD2B69 /* Frameworks */,
				3FF89C7928E53B4000AD2B69 /* Resources */,
			);
			buildRules = (
			);
			dependencies = (
				3FF89C7D28E53B4000AD2B69 /* PBXTargetDependency */,
			);
			name = SwiftHTTPExampleTests;
			productName = SwiftHTTPExampleTests;
			productReference = 3FF89C7B28E53B4000AD2B69 /* SwiftHTTPExampleTests.xctest */;
			productType = "com.apple.product-type.bundle.unit-test";
		};
		3FF89C8428E53B4000AD2B69 /* SwiftHTTPExampleUITests */ = {
			isa = PBXNativeTarget;
			buildConfigurationList = 3FF89C9528E53B4000AD2B69 /* Build configuration list for PBXNativeTarget "SwiftHTTPExampleUITests" */;
			buildPhases = (
				3FF89C8128E53B4000AD2B69 /* Sources */,
				3FF89C8228E53B4000AD2B69 /* Frameworks */,
				3FF89C8328E53B4000AD2B69 /* Resources */,
			);
			buildRules = (
			);
			dependencies = (
				3FF89C8728E53B4000AD2B69 /* PBXTargetDependency */,
			);
			name = SwiftHTTPExampleUITests;
			productName = SwiftHTTPExampleUITests;
			productReference = 3FF89C8528E53B4000AD2B69 /* SwiftHTTPExampleUITests.xctest */;
			productType = "com.apple.product-type.bundle.ui-testing";
		};
/* End PBXNativeTarget section */

/* Begin PBXProject section */
		3FF89C6328E53B3F00AD2B69 /* Project object */ = {
			isa = PBXProject;
			attributes = {
				BuildIndependentTargetsInParallel = 1;
				LastSwiftUpdateCheck = 1400;
				LastUpgradeCheck = 1400;
				TargetAttributes = {
					3FF89C6A28E53B3F00AD2B69 = {
						CreatedOnToolsVersion = 14.0.1;
					};
					3FF89C7A28E53B4000AD2B69 = {
						CreatedOnToolsVersion = 14.0.1;
						TestTargetID = 3FF89C6A28E53B3F00AD2B69;
					};
					3FF89C8428E53B4000AD2B69 = {
						CreatedOnToolsVersion = 14.0.1;
						TestTargetID = 3FF89C6A28E53B3F00AD2B69;
					};
				};
			};
			buildConfigurationList = 3FF89C6628E53B3F00AD2B69 /* Build configuration list for PBXProject "SwiftHTTPExample" */;
			compatibilityVersion = "Xcode 14.0";
			developmentRegion = en;
			hasScannedForEncodings = 0;
			knownRegions = (
				en,
				Base,
			);
			mainGroup = 3FF89C6228E53B3F00AD2B69;
			productRefGroup = 3FF89C6C28E53B3F00AD2B69 /* Products */;
			projectDirPath = "";
			projectRoot = "";
			targets = (
				3FF89C6A28E53B3F00AD2B69 /* SwiftHTTPExample */,
				3FF89C7A28E53B4000AD2B69 /* SwiftHTTPExampleTests */,
				3FF89C8428E53B4000AD2B69 /* SwiftHTTPExampleUITests */,
			);
		};
/* End PBXProject section */

/* Begin PBXResourcesBuildPhase section */
		3FF89C6928E53B3F00AD2B69 /* Resources */ = {
			isa = PBXResourcesBuildPhase;
			buildActionMask = 2147483647;
			files = (
				3FF89C7628E53B4000AD2B69 /* Preview Assets.xcassets in Resources */,
				3FF89C7328E53B4000AD2B69 /* Assets.xcassets in Resources */,
			);
			runOnlyForDeploymentPostprocessing = 0;
		};
		3FF89C7928E53B4000AD2B69 /* Resources */ = {
			isa = PBXResourcesBuildPhase;
			buildActionMask = 2147483647;
			files = (
			);
			runOnlyForDeploymentPostprocessing = 0;
		};
		3FF89C8328E53B4000AD2B69 /* Resources */ = {
			isa = PBXResourcesBuildPhase;
			buildActionMask = 2147483647;
			files = (
			);
			runOnlyForDeploymentPostprocessing = 0;
		};
/* End PBXResourcesBuildPhase section */

/* Begin PBXSourcesBuildPhase section */
		3FF89C6728E53B3F00AD2B69 /* Sources */ = {
			isa = PBXSourcesBuildPhase;
			buildActionMask = 2147483647;
			files = (
				3FF89C7128E53B3F00AD2B69 /* ContentView.swift in Sources */,
				3FF89C6F28E53B3F00AD2B69 /* SwiftHTTPExampleApp.swift in Sources */,
			);
			runOnlyForDeploymentPostprocessing = 0;
		};
		3FF89C7728E53B4000AD2B69 /* Sources */ = {
			isa = PBXSourcesBuildPhase;
			buildActionMask = 2147483647;
			files = (
				3FF89C8028E53B4000AD2B69 /* SwiftHTTPExampleTests.swift in Sources */,
			);
			runOnlyForDeploymentPostprocessing = 0;
		};
		3FF89C8128E53B4000AD2B69 /* Sources */ = {
			isa = PBXSourcesBuildPhase;
			buildActionMask = 2147483647;
			files = (
				3FF89C8A28E53B4000AD2B69 /* SwiftHTTPExampleUITests.swift in Sources */,
				3FF89C8C28E53B4000AD2B69 /* SwiftHTTPExampleUITestsLaunchTests.swift in Sources */,
			);
			runOnlyForDeploymentPostprocessing = 0;
		};
/* End PBXSourcesBuildPhase section */

/* Begin PBXTargetDependency section */
		3FF89C7D28E53B4000AD2B69 /* PBXTargetDependency */ = {
			isa = PBXTargetDependency;
			target = 3FF89C6A28E53B3F00AD2B69 /* SwiftHTTPExample */;
			targetProxy = 3FF89C7C28E53B4000AD2B69 /* PBXContainerItemProxy */;
		};
		3FF89C8728E53B4000AD2B69 /* PBXTargetDependency */ = {
			isa = PBXTargetDependency;
			target = 3FF89C6A28E53B3F00AD2B69 /* SwiftHTTPExample */;
			targetProxy = 3FF89C8628E53B4000AD2B69 /* PBXContainerItemProxy */;
		};
/* End PBXTargetDependency section */

/* Begin XCBuildConfiguration section */
		3FF89C8D28E53B4000AD2B69 /* Debug */ = {
			isa = XCBuildConfiguration;
			buildSettings = {
				ALWAYS_SEARCH_USER_PATHS = NO;
				CLANG_ANALYZER_NONNULL = YES;
				CLANG_ANALYZER_NUMBER_OBJECT_CONVERSION = YES_AGGRESSIVE;
				CLANG_CXX_LANGUAGE_STANDARD = "gnu++20";
				CLANG_ENABLE_MODULES = YES;
				CLANG_ENABLE_OBJC_ARC = YES;
				CLANG_ENABLE_OBJC_WEAK = YES;
				CLANG_WARN_BLOCK_CAPTURE_AUTORELEASING = YES;
				CLANG_WARN_BOOL_CONVERSION = YES;
				CLANG_WARN_COMMA = YES;
				CLANG_WARN_CONSTANT_CONVERSION = YES;
				CLANG_WARN_DEPRECATED_OBJC_IMPLEMENTATIONS = YES;
				CLANG_WARN_DIRECT_OBJC_ISA_USAGE = YES_ERROR;
				CLANG_WARN_DOCUMENTATION_COMMENTS = YES;
				CLANG_WARN_EMPTY_BODY = YES;
				CLANG_WARN_ENUM_CONVERSION = YES;
				CLANG_WARN_INFINITE_RECURSION = YES;
				CLANG_WARN_INT_CONVERSION = YES;
				CLANG_WARN_NON_LITERAL_NULL_CONVERSION = YES;
				CLANG_WARN_OBJC_IMPLICIT_RETAIN_SELF = YES;
				CLANG_WARN_OBJC_LITERAL_CONVERSION = YES;
				CLANG_WARN_OBJC_ROOT_CLASS = YES_ERROR;
				CLANG_WARN_QUOTED_INCLUDE_IN_FRAMEWORK_HEADER = YES;
				CLANG_WARN_RANGE_LOOP_ANALYSIS = YES;
				CLANG_WARN_STRICT_PROTOTYPES = YES;
				CLANG_WARN_SUSPICIOUS_MOVE = YES;
				CLANG_WARN_UNGUARDED_AVAILABILITY = YES_AGGRESSIVE;
				CLANG_WARN_UNREACHABLE_CODE = YES;
				CLANG_WARN__DUPLICATE_METHOD_MATCH = YES;
				COPY_PHASE_STRIP = NO;
				DEBUG_INFORMATION_FORMAT = dwarf;
				ENABLE_STRICT_OBJC_MSGSEND = YES;
				ENABLE_TESTABILITY = YES;
				GCC_C_LANGUAGE_STANDARD = gnu11;
				GCC_DYNAMIC_NO_PIC = NO;
				GCC_NO_COMMON_BLOCKS = YES;
				GCC_OPTIMIZATION_LEVEL = 0;
				GCC_PREPROCESSOR_DEFINITIONS = (
					"DEBUG=1",
					"$(inherited)",
				);
				GCC_WARN_64_TO_32_BIT_CONVERSION = YES;
				GCC_WARN_ABOUT_RETURN_TYPE = YES_ERROR;
				GCC_WARN_UNDECLARED_SELECTOR = YES;
				GCC_WARN_UNINITIALIZED_AUTOS = YES_AGGRESSIVE;
				GCC_WARN_UNUSED_FUNCTION = YES;
				GCC_WARN_UNUSED_VARIABLE = YES;
				IPHONEOS_DEPLOYMENT_TARGET = 16.0;
				MTL_ENABLE_DEBUG_INFO = INCLUDE_SOURCE;
				MTL_FAST_MATH = YES;
				ONLY_ACTIVE_ARCH = YES;
				SDKROOT = iphoneos;
				SWIFT_ACTIVE_COMPILATION_CONDITIONS = DEBUG;
				SWIFT_OPTIMIZATION_LEVEL = "-Onone";
			};
			name = Debug;
		};
		3FF89C8E28E53B4000AD2B69 /* Release */ = {
			isa = XCBuildConfiguration;
			buildSettings = {
				ALWAYS_SEARCH_USER_PATHS = NO;
				CLANG_ANALYZER_NONNULL = YES;
				CLANG_ANALYZER_NUMBER_OBJECT_CONVERSION = YES_AGGRESSIVE;
				CLANG_CXX_LANGUAGE_STANDARD = "gnu++20";
				CLANG_ENABLE_MODULES = YES;
				CLANG_ENABLE_OBJC_ARC = YES;
				CLANG_ENABLE_OBJC_WEAK = YES;
				CLANG_WARN_BLOCK_CAPTURE_AUTORELEASING = YES;
				CLANG_WARN_BOOL_CONVERSION = YES;
				CLANG_WARN_COMMA = YES;
				CLANG_WARN_CONSTANT_CONVERSION = YES;
				CLANG_WARN_DEPRECATED_OBJC_IMPLEMENTATIONS = YES;
				CLANG_WARN_DIRECT_OBJC_ISA_USAGE = YES_ERROR;
				CLANG_WARN_DOCUMENTATION_COMMENTS = YES;
				CLANG_WARN_EMPTY_BODY = YES;
				CLANG_WARN_ENUM_CONVERSION = YES;
				CLANG_WARN_INFINITE_RECURSION = YES;
				CLANG_WARN_INT_CONVERSION = YES;
				CLANG_WARN_NON_LITERAL_NULL_CONVERSION = YES;
				CLANG_WARN_OBJC_IMPLICIT_RETAIN_SELF = YES;
				CLANG_WARN_OBJC_LITERAL_CONVERSION = YES;
				CLANG_WARN_OBJC_ROOT_CLASS = YES_ERROR;
				CLANG_WARN_QUOTED_INCLUDE_IN_FRAMEWORK_HEADER = YES;
				CLANG_WARN_RANGE_LOOP_ANALYSIS = YES;
				CLANG_WARN_STRICT_PROTOTYPES = YES;
				CLANG_WARN_SUSPICIOUS_MOVE = YES;
				CLANG_WARN_UNGUARDED_AVAILABILITY = YES_AGGRESSIVE;
				CLANG_WARN_UNREACHABLE_CODE = YES;
				CLANG_WARN__DUPLICATE_METHOD_MATCH = YES;
				COPY_PHASE_STRIP = NO;
				DEBUG_INFORMATION_FORMAT = "dwarf-with-dsym";
				ENABLE_NS_ASSERTIONS = NO;
				ENABLE_STRICT_OBJC_MSGSEND = YES;
				GCC_C_LANGUAGE_STANDARD = gnu11;
				GCC_NO_COMMON_BLOCKS = YES;
				GCC_WARN_64_TO_32_BIT_CONVERSION = YES;
				GCC_WARN_ABOUT_RETURN_TYPE = YES_ERROR;
				GCC_WARN_UNDECLARED_SELECTOR = YES;
				GCC_WARN_UNINITIALIZED_AUTOS = YES_AGGRESSIVE;
				GCC_WARN_UNUSED_FUNCTION = YES;
				GCC_WARN_UNUSED_VARIABLE = YES;
				IPHONEOS_DEPLOYMENT_TARGET = 16.0;
				MTL_ENABLE_DEBUG_INFO = NO;
				MTL_FAST_MATH = YES;
				SDKROOT = iphoneos;
				SWIFT_COMPILATION_MODE = wholemodule;
				SWIFT_OPTIMIZATION_LEVEL = "-O";
				VALIDATE_PRODUCT = YES;
			};
			name = Release;
		};
		3FF89C9028E53B4000AD2B69 /* Debug */ = {
			isa = XCBuildConfiguration;
			buildSettings = {
				ASSETCATALOG_COMPILER_APPICON_NAME = AppIcon;
				ASSETCATALOG_COMPILER_GLOBAL_ACCENT_COLOR_NAME = AccentColor;
				CODE_SIGN_STYLE = Automatic;
				CURRENT_PROJECT_VERSION = 1;
				DEVELOPMENT_ASSET_PATHS = "\"SwiftHTTPExample/Preview Content\"";
				DEVELOPMENT_TEAM = NGS8V7AP52;
				ENABLE_PREVIEWS = YES;
				GENERATE_INFOPLIST_FILE = YES;
				INFOPLIST_KEY_UIApplicationSceneManifest_Generation = YES;
				INFOPLIST_KEY_UIApplicationSupportsIndirectInputEvents = YES;
				INFOPLIST_KEY_UILaunchScreen_Generation = YES;
				INFOPLIST_KEY_UISupportedInterfaceOrientations_iPad = "UIInterfaceOrientationPortrait UIInterfaceOrientationPortraitUpsideDown UIInterfaceOrientationLandscapeLeft UIInterfaceOrientationLandscapeRight";
				INFOPLIST_KEY_UISupportedInterfaceOrientations_iPhone = "UIInterfaceOrientationPortrait UIInterfaceOrientationLandscapeLeft UIInterfaceOrientationLandscapeRight";
				LD_RUNPATH_SEARCH_PATHS = (
					"$(inherited)",
					"@executable_path/Frameworks",
				);
				MARKETING_VERSION = 1.0;
				PRODUCT_BUNDLE_IDENTIFIER = com.innovativeapps4u.SwiftHTTPExample;
				PRODUCT_NAME = "$(TARGET_NAME)";
				SWIFT_EMIT_LOC_STRINGS = YES;
				SWIFT_VERSION = 5.0;
				TARGETED_DEVICE_FAMILY = "1,2";
			};
			name = Debug;
		};
		3FF89C9128E53B4000AD2B69 /* Release */ = {
			isa = XCBuildConfiguration;
			buildSettings = {
				ASSETCATALOG_COMPILER_APPICON_NAME = AppIcon;
				ASSETCATALOG_COMPILER_GLOBAL_ACCENT_COLOR_NAME = AccentColor;
				CODE_SIGN_STYLE = Automatic;
				CURRENT_PROJECT_VERSION = 1;
				DEVELOPMENT_ASSET_PATHS = "\"SwiftHTTPExample/Preview Content\"";
				DEVELOPMENT_TEAM = NGS8V7AP52;
				ENABLE_PREVIEWS = YES;
				GENERATE_INFOPLIST_FILE = YES;
				INFOPLIST_KEY_UIApplicationSceneManifest_Generation = YES;
				INFOPLIST_KEY_UIApplicationSupportsIndirectInputEvents = YES;
				INFOPLIST_KEY_UILaunchScreen_Generation = YES;
				INFOPLIST_KEY_UISupportedInterfaceOrientations_iPad = "UIInterfaceOrientationPortrait UIInterfaceOrientationPortraitUpsideDown UIInterfaceOrientationLandscapeLeft UIInterfaceOrientationLandscapeRight";
				INFOPLIST_KEY_UISupportedInterfaceOrientations_iPhone = "UIInterfaceOrientationPortrait UIInterfaceOrientationLandscapeLeft UIInterfaceOrientationLandscapeRight";
				LD_RUNPATH_SEARCH_PATHS = (
					"$(inherited)",
					"@executable_path/Frameworks",
				);
				MARKETING_VERSION = 1.0;
				PRODUCT_BUNDLE_IDENTIFIER = com.innovativeapps4u.SwiftHTTPExample;
				PRODUCT_NAME = "$(TARGET_NAME)";
				SWIFT_EMIT_LOC_STRINGS = YES;
				SWIFT_VERSION = 5.0;
				TARGETED_DEVICE_FAMILY = "1,2";
			};
			name = Release;
		};
		3FF89C9328E53B4000AD2B69 /* Debug */ = {
			isa = XCBuildConfiguration;
			buildSettings = {
				ALWAYS_EMBED_SWIFT_STANDARD_LIBRARIES = YES;
				BUNDLE_LOADER = "$(TEST_HOST)";
				CODE_SIGN_STYLE = Automatic;
				CURRENT_PROJECT_VERSION = 1;
				DEVELOPMENT_TEAM = NGS8V7AP52;
				GENERATE_INFOPLIST_FILE = YES;
				IPHONEOS_DEPLOYMENT_TARGET = 16.0;
				MARKETING_VERSION = 1.0;
				PRODUCT_BUNDLE_IDENTIFIER = com.innovativeapps4u.SwiftHTTPExampleTests;
				PRODUCT_NAME = "$(TARGET_NAME)";
				SWIFT_EMIT_LOC_STRINGS = NO;
				SWIFT_VERSION = 5.0;
				TARGETED_DEVICE_FAMILY = "1,2";
				TEST_HOST = "$(BUILT_PRODUCTS_DIR)/SwiftHTTPExample.app/$(BUNDLE_EXECUTABLE_FOLDER_PATH)/SwiftHTTPExample";
			};
			name = Debug;
		};
		3FF89C9428E53B4000AD2B69 /* Release */ = {
			isa = XCBuildConfiguration;
			buildSettings = {
				ALWAYS_EMBED_SWIFT_STANDARD_LIBRARIES = YES;
				BUNDLE_LOADER = "$(TEST_HOST)";
				CODE_SIGN_STYLE = Automatic;
				CURRENT_PROJECT_VERSION = 1;
				DEVELOPMENT_TEAM = NGS8V7AP52;
				GENERATE_INFOPLIST_FILE = YES;
				IPHONEOS_DEPLOYMENT_TARGET = 16.0;
				MARKETING_VERSION = 1.0;
				PRODUCT_BUNDLE_IDENTIFIER = com.innovativeapps4u.SwiftHTTPExampleTests;
				PRODUCT_NAME = "$(TARGET_NAME)";
				SWIFT_EMIT_LOC_STRINGS = NO;
				SWIFT_VERSION = 5.0;
				TARGETED_DEVICE_FAMILY = "1,2";
				TEST_HOST = "$(BUILT_PRODUCTS_DIR)/SwiftHTTPExample.app/$(BUNDLE_EXECUTABLE_FOLDER_PATH)/SwiftHTTPExample";
			};
			name = Release;
		};
		3FF89C9628E53B4000AD2B69 /* Debug */ = {
			isa = XCBuildConfiguration;
			buildSettings = {
				ALWAYS_EMBED_SWIFT_STANDARD_LIBRARIES = YES;
				CODE_SIGN_STYLE = Automatic;
				CURRENT_PROJECT_VERSION = 1;
				DEVELOPMENT_TEAM = NGS8V7AP52;
				GENERATE_INFOPLIST_FILE = YES;
				MARKETING_VERSION = 1.0;
				PRODUCT_BUNDLE_IDENTIFIER = com.innovativeapps4u.SwiftHTTPExampleUITests;
				PRODUCT_NAME = "$(TARGET_NAME)";
				SWIFT_EMIT_LOC_STRINGS = NO;
				SWIFT_VERSION = 5.0;
				TARGETED_DEVICE_FAMILY = "1,2";
				TEST_TARGET_NAME = SwiftHTTPExample;
			};
			name = Debug;
		};
		3FF89C9728E53B4000AD2B69 /* Release */ = {
			isa = XCBuildConfiguration;
			buildSettings = {
				ALWAYS_EMBED_SWIFT_STANDARD_LIBRARIES = YES;
				CODE_SIGN_STYLE = Automatic;
				CURRENT_PROJECT_VERSION = 1;
				DEVELOPMENT_TEAM = NGS8V7AP52;
				GENERATE_INFOPLIST_FILE = YES;
				MARKETING_VERSION = 1.0;
				PRODUCT_BUNDLE_IDENTIFIER = com.innovativeapps4u.SwiftHTTPExampleUITests;
				PRODUCT_NAME = "$(TARGET_NAME)";
				SWIFT_EMIT_LOC_STRINGS = NO;
				SWIFT_VERSION = 5.0;
				TARGETED_DEVICE_FAMILY = "1,2";
				TEST_TARGET_NAME = SwiftHTTPExample;
			};
			name = Release;
		};
/* End XCBuildConfiguration section */

/* Begin XCConfigurationList section */
		3FF89C6628E53B3F00AD2B69 /* Build configuration list for PBXProject "SwiftHTTPExample" */ = {
			isa = XCConfigurationList;
			buildConfigurations = (
				3FF89C8D28E53B4000AD2B69 /* Debug */,
				3FF89C8E28E53B4000AD2B69 /* Release */,
			);
			defaultConfigurationIsVisible = 0;
			defaultConfigurationName = Release;
		};
		3FF89C8F28E53B4000AD2B69 /* Build configuration list for PBXNativeTarget "SwiftHTTPExample" */ = {
			isa = XCConfigurationList;
			buildConfigurations = (
				3FF89C9028E53B4000AD2B69 /* Debug */,
				3FF89C9128E53B4000AD2B69 /* Release */,
			);
			defaultConfigurationIsVisible = 0;
			defaultConfigurationName = Release;
		};
		3FF89C9228E53B4000AD2B69 /* Build configuration list for PBXNativeTarget "SwiftHTTPExampleTests" */ = {
			isa = XCConfigurationList;
			buildConfigurations = (
				3FF89C9328E53B4000AD2B69 /* Debug */,
				3FF89C9428E53B4000AD2B69 /* Release */,
			);
			defaultConfigurationIsVisible = 0;
			defaultConfigurationName = Release;
		};
		3FF89C9528E53B4000AD2B69 /* Build configuration list for PBXNativeTarget "SwiftHTTPExampleUITests" */ = {
			isa = XCConfigurationList;
			buildConfigurations = (
				3FF89C9628E53B4000AD2B69 /* Debug */,
				3FF89C9728E53B4000AD2B69 /* Release */,
			);
			defaultConfigurationIsVisible = 0;
			defaultConfigurationName = Release;
		};
/* End XCConfigurationList section */
	};
	rootObject = 3FF89C6328E53B3F00AD2B69 /* Project object */;
}
