{
  "pins" : [
    {
      "identity" : "swifthttp",
      "kind" : "remoteSourceControl",
      "location" : "https://github.com/dylanjrafferty/SwiftHTTP.git",
      "state" : {
        "branch" : "main",
        "revision" : "fc529677ce3276617e8636f92d4d5dd564594288"
      }
    }
  ],
  "version" : 2
}
