{
  "pins" : [
    {
      "identity" : "swifthttp",
      "kind" : "remoteSourceControl",
      "location" : "https://github.com/dylanjrafferty/SwiftHTTP.git",
      "state" : {
        "branch" : "main",
        "revision" : "b50213cb0bfa8ace5db25205b7d71a97b56c5573"
      }
    }
  ],
  "version" : 2
}
